
Microsoft Visual Studio Solution File, Format Version 12.00
# Visual Studio Version 16
VisualStudioVersion = 16.0.29324.140
MinimumVisualStudioVersion = 10.0.40219.1
Project("{FAE04EC0-301F-11D3-BF4B-00C04F79EFBC}") = "TreadPoolLesson", "TreadPoolLesson\TreadPoolLesson.csproj", "{00275C23-D1E6-4587-812B-049DD1B0B3DF}"
EndProject
Global
	GlobalSection(SolutionConfigurationPlatforms) = preSolution
		Debug|Any CPU = Debug|Any CPU
		Release|Any CPU = Release|Any CPU
	EndGlobalSection
	GlobalSection(ProjectConfigurationPlatforms) = postSolution
		{00275C23-D1E6-4587-812B-049DD1B0B3DF}.Debug|Any CPU.ActiveCfg = Debug|Any CPU
		{00275C23-D1E6-4587-812B-049DD1B0B3DF}.Debug|Any CPU.Build.0 = Debug|Any CPU
		{00275C23-D1E6-4587-812B-049DD1B0B3DF}.Release|Any CPU.ActiveCfg = Release|Any CPU
		{00275C23-D1E6-4587-812B-049DD1B0B3DF}.Release|Any CPU.Build.0 = Release|Any CPU
	EndGlobalSection
	GlobalSection(SolutionProperties) = preSolution
		HideSolutionNode = FALSE
	EndGlobalSection
	GlobalSection(ExtensibilityGlobals) = postSolution
		SolutionGuid = {97C7A339-42F9-44FC-B209-7ED0EE9DF849}
	EndGlobalSection
EndGlobal
